
Microsoft Visual Studio Solution File, Format Version 12.00
# Visual Studio 15
VisualStudioVersion = 15.0.27428.1
MinimumVisualStudioVersion = 10.0.40219.1
Project("{9A19103F-16F7-4668-BE54-9A1E7A4F7556}") = "Models", "Models\Models.csproj", "{5C21B603-0115-4247-B2CC-5F1773772058}"
EndProject
Project("{9A19103F-16F7-4668-BE54-9A1E7A4F7556}") = "ASPMVC", "ASPMVC\ASPMVC.csproj", "{ABFB1B9B-DA4C-4D35-920B-AA479731960D}"
EndProject
Project("{9A19103F-16F7-4668-BE54-9A1E7A4F7556}") = "WEBAPI", "WEBAPI\WEBAPI.csproj", "{92E63745-00A6-4552-9272-DB1F1D52BAFA}"
EndProject
Project("{FAE04EC0-301F-11D3-BF4B-00C04F79EFBC}") = "WEBAPIServices", "WEBAPIServices\WEBAPIServices.csproj", "{EDFB3AFD-BB47-4BEA-9331-3843EBC9914F}"
EndProject
Global
	GlobalSection(SolutionConfigurationPlatforms) = preSolution
		Debug|Any CPU = Debug|Any CPU
		Release|Any CPU = Release|Any CPU
	EndGlobalSection
	GlobalSection(ProjectConfigurationPlatforms) = postSolution
		{5C21B603-0115-4247-B2CC-5F1773772058}.Debug|Any CPU.ActiveCfg = Debug|Any CPU
		{5C21B603-0115-4247-B2CC-5F1773772058}.Debug|Any CPU.Build.0 = Debug|Any CPU
		{5C21B603-0115-4247-B2CC-5F1773772058}.Release|Any CPU.ActiveCfg = Release|Any CPU
		{5C21B603-0115-4247-B2CC-5F1773772058}.Release|Any CPU.Build.0 = Release|Any CPU
		{ABFB1B9B-DA4C-4D35-920B-AA479731960D}.Debug|Any CPU.ActiveCfg = Debug|Any CPU
		{ABFB1B9B-DA4C-4D35-920B-AA479731960D}.Debug|Any CPU.Build.0 = Debug|Any CPU
		{ABFB1B9B-DA4C-4D35-920B-AA479731960D}.Release|Any CPU.ActiveCfg = Release|Any CPU
		{ABFB1B9B-DA4C-4D35-920B-AA479731960D}.Release|Any CPU.Build.0 = Release|Any CPU
		{92E63745-00A6-4552-9272-DB1F1D52BAFA}.Debug|Any CPU.ActiveCfg = Debug|Any CPU
		{92E63745-00A6-4552-9272-DB1F1D52BAFA}.Debug|Any CPU.Build.0 = Debug|Any CPU
		{92E63745-00A6-4552-9272-DB1F1D52BAFA}.Release|Any CPU.ActiveCfg = Release|Any CPU
		{92E63745-00A6-4552-9272-DB1F1D52BAFA}.Release|Any CPU.Build.0 = Release|Any CPU
		{EDFB3AFD-BB47-4BEA-9331-3843EBC9914F}.Debug|Any CPU.ActiveCfg = Debug|Any CPU
		{EDFB3AFD-BB47-4BEA-9331-3843EBC9914F}.Debug|Any CPU.Build.0 = Debug|Any CPU
		{EDFB3AFD-BB47-4BEA-9331-3843EBC9914F}.Release|Any CPU.ActiveCfg = Release|Any CPU
		{EDFB3AFD-BB47-4BEA-9331-3843EBC9914F}.Release|Any CPU.Build.0 = Release|Any CPU
	EndGlobalSection
	GlobalSection(SolutionProperties) = preSolution
		HideSolutionNode = FALSE
	EndGlobalSection
	GlobalSection(ExtensibilityGlobals) = postSolution
		SolutionGuid = {F3F687BC-6ADA-4990-B24F-3AF765BFAC6C}
	EndGlobalSection
EndGlobal
